
Microsoft Visual Studio Solution File, Format Version 12.00
# Visual Studio Version 16
VisualStudioVersion = 16.0.30804.86
MinimumVisualStudioVersion = 10.0.40219.1
Project("{FAE04EC0-301F-11D3-BF4B-00C04F79EFBC}") = "FinManApp", "FinManApp.csproj", "{C021C9F5-5DB3-4A26-8672-D10431A8FF3F}"
EndProject
Global
	GlobalSection(SolutionConfigurationPlatforms) = preSolution
		Debug|Any CPU = Debug|Any CPU
		Release|Any CPU = Release|Any CPU
	EndGlobalSection
	GlobalSection(ProjectConfigurationPlatforms) = postSolution
		{C021C9F5-5DB3-4A26-8672-D10431A8FF3F}.Debug|Any CPU.ActiveCfg = Debug|Any CPU
		{C021C9F5-5DB3-4A26-8672-D10431A8FF3F}.Debug|Any CPU.Build.0 = Debug|Any CPU
		{C021C9F5-5DB3-4A26-8672-D10431A8FF3F}.Release|Any CPU.ActiveCfg = Release|Any CPU
		{C021C9F5-5DB3-4A26-8672-D10431A8FF3F}.Release|Any CPU.Build.0 = Release|Any CPU
	EndGlobalSection
	GlobalSection(SolutionProperties) = preSolution
		HideSolutionNode = FALSE
	EndGlobalSection
	GlobalSection(ExtensibilityGlobals) = postSolution
		SolutionGuid = {2C1897B3-3A69-4408-9A9F-6BBFF6641774}
	EndGlobalSection
EndGlobal
